
Microsoft Visual Studio Solution File, Format Version 12.00
# Visual Studio Version 16
VisualStudioVersion = 16.0.29306.81
MinimumVisualStudioVersion = 10.0.40219.1
Project("{FAE04EC0-301F-11D3-BF4B-00C04F79EFBC}") = "CA1", "CA1.csproj", "{C41FB53E-C2F1-4E03-B891-C9B6E0141CC2}"
EndProject
Global
	GlobalSection(SolutionConfigurationPlatforms) = preSolution
		Debug|Any CPU = Debug|Any CPU
		Release|Any CPU = Release|Any CPU
	EndGlobalSection
	GlobalSection(ProjectConfigurationPlatforms) = postSolution
		{C41FB53E-C2F1-4E03-B891-C9B6E0141CC2}.Debug|Any CPU.ActiveCfg = Debug|Any CPU
		{C41FB53E-C2F1-4E03-B891-C9B6E0141CC2}.Debug|Any CPU.Build.0 = Debug|Any CPU
		{C41FB53E-C2F1-4E03-B891-C9B6E0141CC2}.Release|Any CPU.ActiveCfg = Release|Any CPU
		{C41FB53E-C2F1-4E03-B891-C9B6E0141CC2}.Release|Any CPU.Build.0 = Release|Any CPU
	EndGlobalSection
	GlobalSection(SolutionProperties) = preSolution
		HideSolutionNode = FALSE
	EndGlobalSection
	GlobalSection(ExtensibilityGlobals) = postSolution
		SolutionGuid = {63DEBD1A-EC55-428C-8E52-73A6998D3B99}
	EndGlobalSection
EndGlobal
